
Microsoft Visual Studio Solution File, Format Version 12.00
# Visual Studio Version 16
VisualStudioVersion = 16.0.30517.126
MinimumVisualStudioVersion = 10.0.40219.1
Project("{9A19103F-16F7-4668-BE54-9A1E7A4F7556}") = "NewsletterMembersReport", "NewsletterMembersReport\NewsletterMembersReport.csproj", "{46703015-5FCD-4288-AFDA-763625F270C9}"
EndProject
Global
	GlobalSection(SolutionConfigurationPlatforms) = preSolution
		Debug|Any CPU = Debug|Any CPU
		Release|Any CPU = Release|Any CPU
	EndGlobalSection
	GlobalSection(ProjectConfigurationPlatforms) = postSolution
		{46703015-5FCD-4288-AFDA-763625F270C9}.Debug|Any CPU.ActiveCfg = Debug|Any CPU
		{46703015-5FCD-4288-AFDA-763625F270C9}.Debug|Any CPU.Build.0 = Debug|Any CPU
		{46703015-5FCD-4288-AFDA-763625F270C9}.Release|Any CPU.ActiveCfg = Release|Any CPU
		{46703015-5FCD-4288-AFDA-763625F270C9}.Release|Any CPU.Build.0 = Release|Any CPU
	EndGlobalSection
	GlobalSection(SolutionProperties) = preSolution
		HideSolutionNode = FALSE
	EndGlobalSection
	GlobalSection(ExtensibilityGlobals) = postSolution
		SolutionGuid = {425A49CC-3E71-4E99-BD8F-E20DA907E41D}
	EndGlobalSection
EndGlobal
